<?xml version="1.0" encoding="utf-8"?>
<Project ToolsVersion="4.0" xmlns="http://schemas.microsoft.com/developer/msbuild/2003">
  <ItemGroup>
    <Filter Include="Source Files">
      <UniqueIdentifier>{4FC737F1-C7A5-4376-A066-2A32D752A2FF}</UniqueIdentifier>
      <Extensions>cpp;c;cc;cxx;c++;cppm;ixx;def;odl;idl;hpj;bat;asm;asmx</Extensions>
    </Filter>
    <Filter Include="Header Files">
      <UniqueIdentifier>{93995380-89BD-4b04-88EB-625FBE52EBFB}</UniqueIdentifier>
      <Extensions>h;hh;hpp;hxx;h++;hm;inl;inc;ipp;xsd</Extensions>
    </Filter>
    <Filter Include="Resource Files">
      <UniqueIdentifier>{67DA6AB6-F800-4c08-8B7A-83BB121AAD01}</UniqueIdentifier>
      <Extensions>rc;ico;cur;bmp;dlg;rc2;rct;bin;rgs;gif;jpg;jpeg;jpe;resx;tiff;tif;png;wav;mfcribbon-ms</Extensions>
    </Filter>
    <Filter Include="Header Files\Extras">
      <UniqueIdentifier>{c67b83ca-08f6-4053-a966-9e3d53bc6e2b}</UniqueIdentifier>
    </Filter>
  </ItemGroup>
  <ItemGroup>
    <ClCompile Include="DX9GFApplication.cpp">
      <Filter>Source Files</Filter>
    </ClCompile>
    <ClCompile Include="DX9GFGraphicsDevice.cpp">
      <Filter>Source Files</Filter>
    </ClCompile>
    <ClCompile Include="DX9GFSprites.cpp">
      <Filter>Source Files</Filter>
    </ClCompile>
    <ClCompile Include="DX9GFUtils.cpp">
      <Filter>Source Files</Filter>
    </ClCompile>
    <ClCompile Include="DX9GFSceneManager.cpp">
      <Filter>Source Files</Filter>
    </ClCompile>
    <ClCompile Include="DX9GFISprite.cpp">
      <Filter>Source Files</Filter>
    </ClCompile>
    <ClCompile Include="DX9GFIGame.cpp">
      <Filter>Source Files</Filter>
    </ClCompile>
    <ClCompile Include="DX9GFIScene.cpp">
      <Filter>Source Files</Filter>
    </ClCompile>
    <ClCompile Include="DX9GFInputManager.cpp">
      <Filter>Source Files</Filter>
    </ClCompile>
    <ClCompile Include="DX9GFDebug.cpp">
      <Filter>Source Files</Filter>
    </ClCompile>
    <ClCompile Include="DX9GFExtras\DX9GFIGameObject.cpp">
      <Filter>Source Files</Filter>
    </ClCompile>
    <ClCompile Include="DX9GFExtras\DX9GFITrigger.cpp">
      <Filter>Source Files</Filter>
    </ClCompile>
    <ClCompile Include="DX9GFExtras\DX9GFRectangleTrigger.cpp">
      <Filter>Source Files</Filter>
    </ClCompile>
    <ClCompile Include="DX9GFExtras\DX9GFEllipseTrigger.cpp">
      <Filter>Source Files</Filter>
    </ClCompile>
    <ClCompile Include="DX9GFExtras\DX9GFTransformManager.cpp">
      <Filter>Source Files</Filter>
    </ClCompile>
    <ClCompile Include="DX9GFCamera.cpp">
      <Filter>Source Files</Filter>
    </ClCompile>
    <ClCompile Include="DX9GFExtras\DX9GFRectangleCollider.cpp">
      <Filter>Source Files</Filter>
    </ClCompile>
    <ClCompile Include="DX9GFExtras\DX9GFEllipseCollider.cpp">
      <Filter>Source Files</Filter>
    </ClCompile>
    <ClCompile Include="DX9GFExtras\DX9GFICollider.cpp">
      <Filter>Source Files</Filter>
    </ClCompile>
    <ClCompile Include="DX9GFFont.cpp">
      <Filter>Source Files</Filter>
    </ClCompile>
    <ClCompile Include="DX9GFTexture.cpp">
      <Filter>Source Files</Filter>
    </ClCompile>
    <ClCompile Include="DX9GFExtras\DX9GFMap.cpp">
      <Filter>Source Files</Filter>
    </ClCompile>
    <ClCompile Include="DX9GFExtras\DX9GFMapLayer.cpp">
      <Filter>Source Files</Filter>
    </ClCompile>
    <ClCompile Include="DX9GFExtras\DX9GFCommandBuffer.cpp">
      <Filter>Source Files</Filter>
    </ClCompile>
    <ClCompile Include="DX9GFExtras\DX9GFDestroyObjectCommand.cpp">
      <Filter>Source Files</Filter>
    </ClCompile>
    <ClCompile Include="DX9GFExtras\DX9GFICommand.cpp">
      <Filter>Source Files</Filter>
    </ClCompile>
    <ClCompile Include="DX9GFExtras\DX9GFColliderManager.cpp">
      <Filter>Source Files</Filter>
    </ClCompile>
    <ClCompile Include="DX9GFAudioManager.cpp">
      <Filter>Source Files</Filter>
    </ClCompile>
    <ClCompile Include="DX9GFExtras\DX9GFGoToCommand.cpp">
      <Filter>Source Files</Filter>
    </ClCompile>
    <ClCompile Include="DX9GFExtras\DX9GFRotateCommand.cpp">
      <Filter>Source Files</Filter>
    </ClCompile>
    <ClCompile Include="DX9GFExtras\DX9GFSetCameraPositionCommand.cpp">
      <Filter>Source Files</Filter>
    </ClCompile>
    <ClCompile Include="DX9GFExtras\DX9GFZoomCameraCommand.cpp">
      <Filter>Source Files</Filter>
    </ClCompile>
    <ClCompile Include="pch.cpp">
      <Filter>Source Files</Filter>
    </ClCompile>
    <ClCompile Include="DX9GFExtras\DX9GFSaveManager.cpp">
      <Filter>Source Files</Filter>
    </ClCompile>
    <ClCompile Include="DX9GFExtras\DX9GFPlaySoundCommand.cpp">
      <Filter>Source Files</Filter>
    </ClCompile>
    <ClCompile Include="DX9GFExtras\DX9GFConcurrentCommand.cpp">
      <Filter>Source Files</Filter>
    </ClCompile>
    <ClCompile Include="DX9GFExtras\DX9GFCustomCommand.cpp">
      <Filter>Source Files</Filter>
    </ClCompile>
    <ClCompile Include="DX9GFExtras\DX9GFDelayCommand.cpp">
      <Filter>Source Files</Filter>
    </ClCompile>
    <ClCompile Include="DX9GFExtras\DX9GFMultiCommand.cpp">
      <Filter>Source Files</Filter>
    </ClCompile>
    <ClCompile Include="DX9GFExtras\DX9GFSetPositionCommand.cpp">
      <Filter>Source Files</Filter>
    </ClCompile>
  </ItemGroup>
  <ItemGroup>
    <ClInclude Include="DX9GFApplication.h">
      <Filter>Header Files</Filter>
    </ClInclude>
    <ClInclude Include="framework.h">
      <Filter>Header Files</Filter>
    </ClInclude>
    <ClInclude Include="DX9GFGraphicsDevice.h">
      <Filter>Header Files</Filter>
    </ClInclude>
    <ClInclude Include="DX9GFSprites.h">
      <Filter>Header Files</Filter>
    </ClInclude>
    <ClInclude Include="DX9GFUtils.h">
      <Filter>Header Files</Filter>
    </ClInclude>
    <ClInclude Include="DX9GFSceneManager.h">
      <Filter>Header Files</Filter>
    </ClInclude>
    <ClInclude Include="DX9GFIGame.h">
      <Filter>Header Files</Filter>
    </ClInclude>
    <ClInclude Include="DX9GFISprite.h">
      <Filter>Header Files</Filter>
    </ClInclude>
    <ClInclude Include="DX9GFIScene.h">
      <Filter>Header Files</Filter>
    </ClInclude>
    <ClInclude Include="DX9GF.h">
      <Filter>Header Files</Filter>
    </ClInclude>
    <ClInclude Include="DX9GFInputManager.h">
      <Filter>Header Files</Filter>
    </ClInclude>
    <ClInclude Include="DX9GFDebug.h">
      <Filter>Header Files</Filter>
    </ClInclude>
    <ClInclude Include="DX9GFExtras\DX9GFIGameObject.h">
      <Filter>Header Files\Extras</Filter>
    </ClInclude>
    <ClInclude Include="DX9GFExtras\DX9GFITrigger.h">
      <Filter>Header Files\Extras</Filter>
    </ClInclude>
    <ClInclude Include="DX9GFExtras\DX9GFRectangleTrigger.h">
      <Filter>Header Files\Extras</Filter>
    </ClInclude>
    <ClInclude Include="DX9GFExtras.h">
      <Filter>Header Files</Filter>
    </ClInclude>
    <ClInclude Include="DX9GFExtras\DX9GFEllipseTrigger.h">
      <Filter>Header Files\Extras</Filter>
    </ClInclude>
    <ClInclude Include="DX9GFExtras\DX9GFTransformManager.h">
      <Filter>Header Files\Extras</Filter>
    </ClInclude>
    <ClInclude Include="DX9GFCamera.h">
      <Filter>Header Files</Filter>
    </ClInclude>
    <ClInclude Include="DX9GFExtras\DX9GFICollider.h">
      <Filter>Header Files\Extras</Filter>
    </ClInclude>
    <ClInclude Include="DX9GFExtras\DX9GFRectangleCollider.h">
      <Filter>Header Files\Extras</Filter>
    </ClInclude>
    <ClInclude Include="DX9GFExtras\DX9GFEllipseCollider.h">
      <Filter>Header Files\Extras</Filter>
    </ClInclude>
    <ClInclude Include="DX9GFFont.h">
      <Filter>Header Files</Filter>
    </ClInclude>
    <ClInclude Include="DX9GFTexture.h">
      <Filter>Header Files</Filter>
    </ClInclude>
    <ClInclude Include="DX9GFExtras\DX9GFMap.h">
      <Filter>Header Files\Extras</Filter>
    </ClInclude>
    <ClInclude Include="DX9GFExtras\DX9GFMapLayer.h">
      <Filter>Header Files\Extras</Filter>
    </ClInclude>
    <ClInclude Include="DX9GFExtras\DX9GFCommandBuffer.h">
      <Filter>Header Files\Extras</Filter>
    </ClInclude>
    <ClInclude Include="DX9GFExtras\DX9GFDestroyObjectCommand.h">
      <Filter>Header Files\Extras</Filter>
    </ClInclude>
    <ClInclude Include="DX9GFExtras\DX9GFColliderManager.h">
      <Filter>Header Files\Extras</Filter>
    </ClInclude>
    <ClInclude Include="DX9GFAudioManager.h">
      <Filter>Header Files</Filter>
    </ClInclude>
    <ClInclude Include="DX9GFExtras\DX9GFGoToCommand.h">
      <Filter>Header Files\Extras</Filter>
    </ClInclude>
    <ClInclude Include="DX9GFExtras\DX9GFICommand.h">
      <Filter>Header Files\Extras</Filter>
    </ClInclude>
    <ClInclude Include="DX9GFExtras\DX9GFRotateCommand.h">
      <Filter>Header Files\Extras</Filter>
    </ClInclude>
    <ClInclude Include="DX9GFExtras\DX9GFSetCameraPositionCommand.h">
      <Filter>Header Files\Extras</Filter>
    </ClInclude>
    <ClInclude Include="DX9GFExtras\DX9GFZoomCameraCommand.h">
      <Filter>Header Files\Extras</Filter>
    </ClInclude>
    <ClInclude Include="DX9GFExtras\DX9GFISaveable.h">
      <Filter>Header Files\Extras</Filter>
    </ClInclude>
    <ClInclude Include="DX9GFExtras\DX9GFSaveManager.h">
      <Filter>Header Files\Extras</Filter>
    </ClInclude>
    <ClInclude Include="DX9GFExtras\DX9GFPlaySoundCommand.h">
      <Filter>Header Files\Extras</Filter>
    </ClInclude>
    <ClInclude Include="DX9GFExtras\DX9GFConcurrentCommand.h">
      <Filter>Header Files\Extras</Filter>
    </ClInclude>
    <ClInclude Include="DX9GFExtras\DX9GFCustomCommand.h">
      <Filter>Header Files\Extras</Filter>
    </ClInclude>
    <ClInclude Include="DX9GFExtras\DX9GFDelayCommand.h">
      <Filter>Header Files\Extras</Filter>
    </ClInclude>
    <ClInclude Include="DX9GFExtras\DX9GFMultiCommand.h">
      <Filter>Header Files\Extras</Filter>
    </ClInclude>
    <ClInclude Include="DX9GFExtras\DX9GFSetPositionCommand.h">
      <Filter>Header Files\Extras</Filter>
    </ClInclude>
    <ClInclude Include="pch.h">
      <Filter>Header Files</Filter>
    </ClInclude>
  </ItemGroup>
</Project>