<?xml version="1.0" encoding="utf-8"?>
<Project ToolsVersion="4.0" xmlns="http://schemas.microsoft.com/developer/msbuild/2003">
  <ItemGroup>
    <Filter Include="Source Files">
      <UniqueIdentifier>{4FC737F1-C7A5-4376-A066-2A32D752A2FF}</UniqueIdentifier>
      <Extensions>cpp;c;cc;cxx;c++;cppm;ixx;def;odl;idl;hpj;bat;asm;asmx</Extensions>
    </Filter>
    <Filter Include="Header Files">
      <UniqueIdentifier>{93995380-89BD-4b04-88EB-625FBE52EBFB}</UniqueIdentifier>
      <Extensions>h;hh;hpp;hxx;h++;hm;inl;inc;ipp;xsd</Extensions>
    </Filter>
    <Filter Include="Resource Files">
      <UniqueIdentifier>{67DA6AB6-F800-4c08-8B7A-83BB121AAD01}</UniqueIdentifier>
      <Extensions>rc;ico;cur;bmp;dlg;rc2;rct;bin;rgs;gif;jpg;jpeg;jpe;resx;tiff;tif;png;wav;mfcribbon-ms</Extensions>
    </Filter>
    <Filter Include="Header Files\Components">
      <UniqueIdentifier>{a4781c0e-441f-4c61-a635-a446e9dd7457}</UniqueIdentifier>
    </Filter>
    <Filter Include="Header Files\World1">
      <UniqueIdentifier>{fffef1c3-8feb-466e-a01c-8efcbbd39f95}</UniqueIdentifier>
    </Filter>
    <Filter Include="Header Files\Debug">
      <UniqueIdentifier>{99567bee-d7b8-40fc-b904-c6fa9e3b39dd}</UniqueIdentifier>
    </Filter>
    <Filter Include="Header Files\Interfaces">
      <UniqueIdentifier>{e69e475f-eb35-4802-9d2d-d5c653483fba}</UniqueIdentifier>
    </Filter>
    <Filter Include="Header Files\Cards">
      <UniqueIdentifier>{19e82f88-b9c9-49d7-a9f2-df60961c3582}</UniqueIdentifier>
    </Filter>
    <Filter Include="Header Files\Projectiles">
      <UniqueIdentifier>{970c8ab7-c2dc-41a4-b4cc-833515485537}</UniqueIdentifier>
    </Filter>
  </ItemGroup>
  <ItemGroup>
    <ClCompile Include="main.cpp">
      <Filter>Source Files</Filter>
    </ClCompile>
    <ClCompile Include="Game.cpp">
      <Filter>Source Files</Filter>
    </ClCompile>
    <ClCompile Include="DebugScene.cpp">
      <Filter>Source Files</Filter>
    </ClCompile>
    <ClCompile Include="IDraggable.cpp">
      <Filter>Source Files</Filter>
    </ClCompile>
    <ClCompile Include="pch.cpp">
      <Filter>Source Files</Filter>
    </ClCompile>
    <ClCompile Include="IContainer.cpp">
      <Filter>Source Files</Filter>
    </ClCompile>
    <ClCompile Include="Player.cpp">
      <Filter>Source Files</Filter>
    </ClCompile>
    <ClCompile Include="World1Scene.cpp">
      <Filter>Source Files</Filter>
    </ClCompile>
    <ClCompile Include="TextButton.cpp">
      <Filter>Source Files</Filter>
    </ClCompile>
    <ClCompile Include="IconButton.cpp">
      <Filter>Source Files</Filter>
    </ClCompile>
    <ClCompile Include="IBattleScene.cpp">
      <Filter>Source Files</Filter>
    </ClCompile>
    <ClCompile Include="TestBattleScene.cpp">
      <Filter>Source Files</Filter>
    </ClCompile>
    <ClCompile Include="IButton.cpp">
      <Filter>Source Files</Filter>
    </ClCompile>
    <ClCompile Include="EnemyCard.cpp">
      <Filter>Source Files</Filter>
    </ClCompile>
    <ClCompile Include="IBlockCard.cpp">
      <Filter>Source Files</Filter>
    </ClCompile>
    <ClCompile Include="IEnemy.cpp">
      <Filter>Source Files</Filter>
    </ClCompile>
    <ClCompile Include="MainBlockCard.cpp">
      <Filter>Source Files</Filter>
    </ClCompile>
    <ClCompile Include="StrikeCard.cpp">
      <Filter>Source Files</Filter>
    </ClCompile>
    <ClCompile Include="TestEnemy.cpp">
      <Filter>Source Files</Filter>
    </ClCompile>
    <ClCompile Include="RoundProjectile.cpp">
      <Filter>Source Files</Filter>
    </ClCompile>
    <ClCompile Include="HandContainer.cpp">
      <Filter>Source Files</Filter>
    </ClCompile>
  </ItemGroup>
  <ItemGroup>
    <ClInclude Include="Game.h">
      <Filter>Header Files</Filter>
    </ClInclude>
    <ClInclude Include="Player.h">
      <Filter>Header Files</Filter>
    </ClInclude>
    <ClInclude Include="resource.h">
      <Filter>Header Files</Filter>
    </ClInclude>
    <ClInclude Include="World1Scene.h">
      <Filter>Header Files\World1</Filter>
    </ClInclude>
    <ClInclude Include="EnemyCard.h">
      <Filter>Header Files</Filter>
    </ClInclude>
    <ClInclude Include="DebugScene.h">
      <Filter>Header Files\Debug</Filter>
    </ClInclude>
    <ClInclude Include="TestBattleScene.h">
      <Filter>Header Files\Debug</Filter>
    </ClInclude>
    <ClInclude Include="TestEnemy.h">
      <Filter>Header Files\Debug</Filter>
    </ClInclude>
    <ClInclude Include="IBattleScene.h">
      <Filter>Header Files\Interfaces</Filter>
    </ClInclude>
    <ClInclude Include="IBlockCard.h">
      <Filter>Header Files\Interfaces</Filter>
    </ClInclude>
    <ClInclude Include="IButton.h">
      <Filter>Header Files\Interfaces</Filter>
    </ClInclude>
    <ClInclude Include="IContainer.h">
      <Filter>Header Files\Interfaces</Filter>
    </ClInclude>
    <ClInclude Include="IDraggable.h">
      <Filter>Header Files\Interfaces</Filter>
    </ClInclude>
    <ClInclude Include="IEnemy.h">
      <Filter>Header Files\Interfaces</Filter>
    </ClInclude>
    <ClInclude Include="IExpressionCard.h">
      <Filter>Header Files\Interfaces</Filter>
    </ClInclude>
    <ClInclude Include="IStatementCard.h">
      <Filter>Header Files\Interfaces</Filter>
    </ClInclude>
    <ClInclude Include="IconButton.h">
      <Filter>Header Files\Components</Filter>
    </ClInclude>
    <ClInclude Include="TextButton.h">
      <Filter>Header Files\Components</Filter>
    </ClInclude>
    <ClInclude Include="StrikeCard.h">
      <Filter>Header Files\Cards</Filter>
    </ClInclude>
    <ClInclude Include="MainBlockCard.h">
      <Filter>Header Files\Cards</Filter>
    </ClInclude>
    <ClInclude Include="IProjectile.h">
      <Filter>Header Files\Interfaces</Filter>
    </ClInclude>
    <ClInclude Include="RoundProjectile.h">
      <Filter>Header Files\Projectiles</Filter>
    </ClInclude>
    <ClInclude Include="HandContainer.h">
      <Filter>Header Files</Filter>
    </ClInclude>
  </ItemGroup>
  <ItemGroup>
    <None Include="uiter.aseprite">
      <Filter>Resource Files</Filter>
    </None>
    <None Include="uiter-Sheet.aseprite">
      <Filter>Resource Files</Filter>
    </None>
    <None Include="placeholder-round-projectile.aseprite">
      <Filter>Resource Files</Filter>
    </None>
  </ItemGroup>
  <ItemGroup>
    <Image Include="uiter-Sheet.png">
      <Filter>Resource Files</Filter>
    </Image>
    <Image Include="placeholder.png">
      <Filter>Resource Files</Filter>
    </Image>
    <Image Include="placeholder-round-projectile.png">
      <Filter>Resource Files</Filter>
    </Image>
  </ItemGroup>
  <ItemGroup>
    <ResourceCompile Include="demo.rc">
      <Filter>Resource Files</Filter>
    </ResourceCompile>
  </ItemGroup>
  <ItemGroup>
    <Image Include="ui-pack.png">
      <Filter>Resource Files</Filter>
    </Image>
    <Image Include="ui-pack-2.bmp">
      <Filter>Resource Files</Filter>
    </Image>
  </ItemGroup>
</Project>